
Microsoft Visual Studio Solution File, Format Version 12.00
# Visual Studio Version 16
VisualStudioVersion = 16.0.31105.61
MinimumVisualStudioVersion = 10.0.40219.1
Project("{FAE04EC0-301F-11D3-BF4B-00C04F79EFBC}") = "ProgrammingTask1", "ProgrammingTask1\ProgrammingTask1.csproj", "{5E34661E-7E84-44A8-AFFA-B0D230D5146C}"
EndProject
Project("{FAE04EC0-301F-11D3-BF4B-00C04F79EFBC}") = "UnitTests", "UnitTests\UnitTests.csproj", "{5C411C95-99E7-4249-80AD-ABAD4FC2DD47}"
EndProject
Global
	GlobalSection(SolutionConfigurationPlatforms) = preSolution
		Debug|Any CPU = Debug|Any CPU
		Release|Any CPU = Release|Any CPU
	EndGlobalSection
	GlobalSection(ProjectConfigurationPlatforms) = postSolution
		{5E34661E-7E84-44A8-AFFA-B0D230D5146C}.Debug|Any CPU.ActiveCfg = Debug|Any CPU
		{5E34661E-7E84-44A8-AFFA-B0D230D5146C}.Debug|Any CPU.Build.0 = Debug|Any CPU
		{5E34661E-7E84-44A8-AFFA-B0D230D5146C}.Release|Any CPU.ActiveCfg = Release|Any CPU
		{5E34661E-7E84-44A8-AFFA-B0D230D5146C}.Release|Any CPU.Build.0 = Release|Any CPU
		{5C411C95-99E7-4249-80AD-ABAD4FC2DD47}.Debug|Any CPU.ActiveCfg = Debug|Any CPU
		{5C411C95-99E7-4249-80AD-ABAD4FC2DD47}.Debug|Any CPU.Build.0 = Debug|Any CPU
		{5C411C95-99E7-4249-80AD-ABAD4FC2DD47}.Release|Any CPU.ActiveCfg = Release|Any CPU
		{5C411C95-99E7-4249-80AD-ABAD4FC2DD47}.Release|Any CPU.Build.0 = Release|Any CPU
	EndGlobalSection
	GlobalSection(SolutionProperties) = preSolution
		HideSolutionNode = FALSE
	EndGlobalSection
	GlobalSection(ExtensibilityGlobals) = postSolution
		SolutionGuid = {EB9111A3-540A-4F81-B471-D89BB6C842C1}
	EndGlobalSection
EndGlobal
